
Microsoft Visual Studio Solution File, Format Version 12.00
# Visual Studio Version 16
VisualStudioVersion = 16.0.33328.57
MinimumVisualStudioVersion = 10.0.40219.1
Project("{FAE04EC0-301F-11D3-BF4B-00C04F79EFBC}") = "Homework12_2", "Homework12_2\Homework12_2.csproj", "{28F0FDF7-CAB2-4D4C-9339-717CD4362545}"
EndProject
Project("{FAE04EC0-301F-11D3-BF4B-00C04F79EFBC}") = "Homework12_3", "Homework12_3\Homework12_3.csproj", "{D69D6EBF-4691-4FB5-BCCD-2CD893D0ADBC}"
EndProject
Project("{FAE04EC0-301F-11D3-BF4B-00C04F79EFBC}") = "Homework12_5", "Homework12_5\Homework12_5.csproj", "{D1F0B9BF-8E17-42C5-9E11-C65BE1725830}"
EndProject
Global
	GlobalSection(SolutionConfigurationPlatforms) = preSolution
		Debug|Any CPU = Debug|Any CPU
		Release|Any CPU = Release|Any CPU
	EndGlobalSection
	GlobalSection(ProjectConfigurationPlatforms) = postSolution
		{28F0FDF7-CAB2-4D4C-9339-717CD4362545}.Debug|Any CPU.ActiveCfg = Debug|Any CPU
		{28F0FDF7-CAB2-4D4C-9339-717CD4362545}.Debug|Any CPU.Build.0 = Debug|Any CPU
		{28F0FDF7-CAB2-4D4C-9339-717CD4362545}.Release|Any CPU.ActiveCfg = Release|Any CPU
		{28F0FDF7-CAB2-4D4C-9339-717CD4362545}.Release|Any CPU.Build.0 = Release|Any CPU
		{D69D6EBF-4691-4FB5-BCCD-2CD893D0ADBC}.Debug|Any CPU.ActiveCfg = Debug|Any CPU
		{D69D6EBF-4691-4FB5-BCCD-2CD893D0ADBC}.Debug|Any CPU.Build.0 = Debug|Any CPU
		{D69D6EBF-4691-4FB5-BCCD-2CD893D0ADBC}.Release|Any CPU.ActiveCfg = Release|Any CPU
		{D69D6EBF-4691-4FB5-BCCD-2CD893D0ADBC}.Release|Any CPU.Build.0 = Release|Any CPU
		{D1F0B9BF-8E17-42C5-9E11-C65BE1725830}.Debug|Any CPU.ActiveCfg = Debug|Any CPU
		{D1F0B9BF-8E17-42C5-9E11-C65BE1725830}.Debug|Any CPU.Build.0 = Debug|Any CPU
		{D1F0B9BF-8E17-42C5-9E11-C65BE1725830}.Release|Any CPU.ActiveCfg = Release|Any CPU
		{D1F0B9BF-8E17-42C5-9E11-C65BE1725830}.Release|Any CPU.Build.0 = Release|Any CPU
	EndGlobalSection
	GlobalSection(SolutionProperties) = preSolution
		HideSolutionNode = FALSE
	EndGlobalSection
	GlobalSection(ExtensibilityGlobals) = postSolution
		SolutionGuid = {6B084B5C-8614-4F1E-8439-4A12EEC1F3B1}
	EndGlobalSection
EndGlobal
